
Microsoft Visual Studio Solution File, Format Version 12.00
Project("{FAE04EC0-301F-11D3-BF4B-00C04F79EFBC}") = "Labb3_Threads_Async", "Labb3_Threads_Async\Labb3_Threads_Async.csproj", "{8861AA99-B5D6-4029-A4D1-A90BB5B7C6B5}"
EndProject
Global
	GlobalSection(SolutionConfigurationPlatforms) = preSolution
		Debug|Any CPU = Debug|Any CPU
		Release|Any CPU = Release|Any CPU
	EndGlobalSection
	GlobalSection(ProjectConfigurationPlatforms) = postSolution
		{8861AA99-B5D6-4029-A4D1-A90BB5B7C6B5}.Debug|Any CPU.ActiveCfg = Debug|Any CPU
		{8861AA99-B5D6-4029-A4D1-A90BB5B7C6B5}.Debug|Any CPU.Build.0 = Debug|Any CPU
		{8861AA99-B5D6-4029-A4D1-A90BB5B7C6B5}.Release|Any CPU.ActiveCfg = Release|Any CPU
		{8861AA99-B5D6-4029-A4D1-A90BB5B7C6B5}.Release|Any CPU.Build.0 = Release|Any CPU
	EndGlobalSection
EndGlobal
